
Microsoft Visual Studio Solution File, Format Version 10.00
# Visual C++ Express 2008
Project("{8BC9CEB8-8B4A-11D0-8D11-00A0C91BC942}") = "Megaman2", "Megaman2\Megaman2.vcproj", "{89D8BE96-57E1-4B1E-BDA2-50589CD7E048}"
EndProject
Global
	GlobalSection(SolutionConfigurationPlatforms) = preSolution
		Debug|Win32 = Debug|Win32
		Release|Win32 = Release|Win32
	EndGlobalSection
	GlobalSection(ProjectConfigurationPlatforms) = postSolution
		{89D8BE96-57E1-4B1E-BDA2-50589CD7E048}.Debug|Win32.ActiveCfg = Debug|Win32
		{89D8BE96-57E1-4B1E-BDA2-50589CD7E048}.Debug|Win32.Build.0 = Debug|Win32
		{89D8BE96-57E1-4B1E-BDA2-50589CD7E048}.Release|Win32.ActiveCfg = Release|Win32
		{89D8BE96-57E1-4B1E-BDA2-50589CD7E048}.Release|Win32.Build.0 = Release|Win32
	EndGlobalSection
	GlobalSection(SolutionProperties) = preSolution
		HideSolutionNode = FALSE
	EndGlobalSection
EndGlobal
